
Microsoft Visual Studio Solution File, Format Version 12.00
# Visual Studio Version 17
VisualStudioVersion = 17.0.31903.59
MinimumVisualStudioVersion = 10.0.40219.1
Project("{2150E333-8FDC-42A3-9474-1A3956D46DE8}") = "src", "src", "{A0D0DC16-3914-4BB3-B097-F5CB15D9414E}"
EndProject
Project("{FAE04EC0-301F-11D3-BF4B-00C04F79EFBC}") = "ScpslTrust.Core", "src\ScpslTrust.Core\ScpslTrust.Core.csproj", "{B16B9C63-A34D-43C7-8294-CCCAB14FE7E7}"
EndProject
Project("{FAE04EC0-301F-11D3-BF4B-00C04F79EFBC}") = "ScpslTrust.Plugin", "src\ScpslTrust.Plugin\ScpslTrust.Plugin.csproj", "{7C2E9E2A-4B1F-4A94-9D1A-5B8B6E0C21A1}"
EndProject
Project("{2150E333-8FDC-42A3-9474-1A3956D46DE8}") = "tests", "tests", "{64FCDB8E-64E7-4140-ADF3-D491157113F1}"
EndProject
Project("{2150E333-8FDC-42A3-9474-1A3956D46DE8}") = "tools", "tools", "{D4A0B1C2-3E5F-4718-92A6-7B8C9D0E1F23}"
EndProject
Project("{FAE04EC0-301F-11D3-BF4B-00C04F79EFBC}") = "ScpslTrust.DevClient", "tools\ScpslTrust.DevClient\ScpslTrust.DevClient.csproj", "{3F6D2B84-9A57-4E0D-8C43-1E7A45D9B6C2}"
EndProject
Project("{FAE04EC0-301F-11D3-BF4B-00C04F79EFBC}") = "ScpslTrust.Core.Tests", "tests\ScpslTrust.Core.Tests\ScpslTrust.Core.Tests.csproj", "{48275C46-EC1A-4471-8038-69C3BA34CCBB}"
EndProject
Global
	GlobalSection(SolutionConfigurationPlatforms) = preSolution
		Debug|Any CPU = Debug|Any CPU
		Release|Any CPU = Release|Any CPU
	EndGlobalSection
	GlobalSection(SolutionProperties) = preSolution
		HideSolutionNode = FALSE
	EndGlobalSection
	GlobalSection(ProjectConfigurationPlatforms) = postSolution
		{B16B9C63-A34D-43C7-8294-CCCAB14FE7E7}.Debug|Any CPU.ActiveCfg = Debug|Any CPU
		{B16B9C63-A34D-43C7-8294-CCCAB14FE7E7}.Debug|Any CPU.Build.0 = Debug|Any CPU
		{B16B9C63-A34D-43C7-8294-CCCAB14FE7E7}.Release|Any CPU.ActiveCfg = Release|Any CPU
		{B16B9C63-A34D-43C7-8294-CCCAB14FE7E7}.Release|Any CPU.Build.0 = Release|Any CPU
		{48275C46-EC1A-4471-8038-69C3BA34CCBB}.Debug|Any CPU.ActiveCfg = Debug|Any CPU
		{48275C46-EC1A-4471-8038-69C3BA34CCBB}.Debug|Any CPU.Build.0 = Debug|Any CPU
		{48275C46-EC1A-4471-8038-69C3BA34CCBB}.Release|Any CPU.ActiveCfg = Release|Any CPU
		{48275C46-EC1A-4471-8038-69C3BA34CCBB}.Release|Any CPU.Build.0 = Release|Any CPU
		{7C2E9E2A-4B1F-4A94-9D1A-5B8B6E0C21A1}.Debug|Any CPU.ActiveCfg = Debug|Any CPU
		{7C2E9E2A-4B1F-4A94-9D1A-5B8B6E0C21A1}.Release|Any CPU.ActiveCfg = Release|Any CPU
		{7C2E9E2A-4B1F-4A94-9D1A-5B8B6E0C21A1}.Release|Any CPU.Build.0 = Release|Any CPU
		{3F6D2B84-9A57-4E0D-8C43-1E7A45D9B6C2}.Debug|Any CPU.ActiveCfg = Debug|Any CPU
		{3F6D2B84-9A57-4E0D-8C43-1E7A45D9B6C2}.Debug|Any CPU.Build.0 = Debug|Any CPU
		{3F6D2B84-9A57-4E0D-8C43-1E7A45D9B6C2}.Release|Any CPU.ActiveCfg = Release|Any CPU
		{3F6D2B84-9A57-4E0D-8C43-1E7A45D9B6C2}.Release|Any CPU.Build.0 = Release|Any CPU
	EndGlobalSection
	GlobalSection(NestedProjects) = preSolution
		{B16B9C63-A34D-43C7-8294-CCCAB14FE7E7} = {A0D0DC16-3914-4BB3-B097-F5CB15D9414E}
		{48275C46-EC1A-4471-8038-69C3BA34CCBB} = {64FCDB8E-64E7-4140-ADF3-D491157113F1}
		{7C2E9E2A-4B1F-4A94-9D1A-5B8B6E0C21A1} = {A0D0DC16-3914-4BB3-B097-F5CB15D9414E}
		{3F6D2B84-9A57-4E0D-8C43-1E7A45D9B6C2} = {D4A0B1C2-3E5F-4718-92A6-7B8C9D0E1F23}
	EndGlobalSection
EndGlobal
